
Microsoft Visual Studio Solution File, Format Version 12.00
# Visual Studio Version 17
VisualStudioVersion = 17.4.33110.190
MinimumVisualStudioVersion = 10.0.40219.1
Project("{FAE04EC0-301F-11D3-BF4B-00C04F79EFBC}") = "Taller2_SebastiánRueda", "Taller2_SebastiánRueda.csproj", "{CA646353-A1AF-47F0-82DC-8CC2F7AEFFE9}"
EndProject
Global
	GlobalSection(SolutionConfigurationPlatforms) = preSolution
		Debug|Any CPU = Debug|Any CPU
		Release|Any CPU = Release|Any CPU
	EndGlobalSection
	GlobalSection(ProjectConfigurationPlatforms) = postSolution
		{CA646353-A1AF-47F0-82DC-8CC2F7AEFFE9}.Debug|Any CPU.ActiveCfg = Debug|Any CPU
		{CA646353-A1AF-47F0-82DC-8CC2F7AEFFE9}.Debug|Any CPU.Build.0 = Debug|Any CPU
		{CA646353-A1AF-47F0-82DC-8CC2F7AEFFE9}.Release|Any CPU.ActiveCfg = Release|Any CPU
		{CA646353-A1AF-47F0-82DC-8CC2F7AEFFE9}.Release|Any CPU.Build.0 = Release|Any CPU
	EndGlobalSection
	GlobalSection(SolutionProperties) = preSolution
		HideSolutionNode = FALSE
	EndGlobalSection
	GlobalSection(ExtensibilityGlobals) = postSolution
		SolutionGuid = {3E340240-AD00-4931-BBCB-D032F0E9E108}
	EndGlobalSection
EndGlobal
